<?xml version="1.0" encoding="utf-8"?>
<Project ToolsVersion="4.0" xmlns="http://schemas.microsoft.com/developer/msbuild/2003">
  <ItemGroup>
    <ClCompile Include="ball.cpp">
      <Filter>Source Files</Filter>
    </ClCompile>
    <ClCompile Include="BallManager.cpp">
      <Filter>Source Files</Filter>
    </ClCompile>
    <ClCompile Include="field.cpp">
      <Filter>Source Files</Filter>
    </ClCompile>
    <ClCompile Include="FieldManager.cpp">
      <Filter>Source Files</Filter>
    </ClCompile>
    <ClCompile Include="game.cpp">
      <Filter>Source Files</Filter>
    </ClCompile>
    <ClCompile Include="InputManager.cpp">
      <Filter>Source Files</Filter>
    </ClCompile>
    <ClCompile Include="object.cpp">
      <Filter>Source Files</Filter>
    </ClCompile>
    <ClCompile Include="openGLFramework.cpp">
      <Filter>Source Files</Filter>
    </ClCompile>
    <ClCompile Include="openGLStuff.cpp">
      <Filter>Source Files</Filter>
    </ClCompile>
    <ClCompile Include="random.cpp">
      <Filter>Source Files</Filter>
    </ClCompile>
    <ClCompile Include="ShapeDraw.cpp">
      <Filter>Source Files</Filter>
    </ClCompile>
    <ClCompile Include="SpriteDemoManager.cpp">
      <Filter>Source Files</Filter>
    </ClCompile>
    <ClCompile Include="stateManager.cpp">
      <Filter>Source Files</Filter>
    </ClCompile>
    <ClCompile Include="keyProcess.cpp" />
    <ClCompile Include="Player.cpp" />
    <ClCompile Include="ReticleC.cpp" />
    <ClCompile Include="RenderSprites.cpp" />
    <ClCompile Include="MapElement.cpp" />
    <ClCompile Include="Background.cpp" />
    <ClCompile Include="Collider.cpp">
      <Filter>Source Files</Filter>
    </ClCompile>
    <ClCompile Include="AudioManager.cpp" />
    <ClCompile Include="SoundSystem.cpp" />
    <ClCompile Include="UI.cpp" />
    <ClCompile Include="Timer.cpp" />
    <ClCompile Include="ScoreUI.cpp" />
    <ClCompile Include="RespawnUI.cpp" />
  </ItemGroup>
  <ItemGroup>
    <ClInclude Include="ball.h">
      <Filter>Header Files</Filter>
    </ClInclude>
    <ClInclude Include="BallManager.h">
      <Filter>Header Files</Filter>
    </ClInclude>
    <ClInclude Include="baseTypes.h">
      <Filter>Header Files</Filter>
    </ClInclude>
    <ClInclude Include="collInfo.h">
      <Filter>Header Files</Filter>
    </ClInclude>
    <ClInclude Include="field.h">
      <Filter>Header Files</Filter>
    </ClInclude>
    <ClInclude Include="FieldManager.h">
      <Filter>Header Files</Filter>
    </ClInclude>
    <ClInclude Include="game.h">
      <Filter>Header Files</Filter>
    </ClInclude>
    <ClInclude Include="gamedefs.h">
      <Filter>Header Files</Filter>
    </ClInclude>
    <ClInclude Include="Object.h">
      <Filter>Header Files</Filter>
    </ClInclude>
    <ClInclude Include="openGLFramework.h">
      <Filter>Header Files</Filter>
    </ClInclude>
    <ClInclude Include="openGLStuff.h">
      <Filter>Header Files</Filter>
    </ClInclude>
    <ClInclude Include="random.h">
      <Filter>Header Files</Filter>
    </ClInclude>
    <ClInclude Include="ShapeDraw.h">
      <Filter>Header Files</Filter>
    </ClInclude>
    <ClInclude Include="SOIL.h">
      <Filter>Header Files</Filter>
    </ClInclude>
    <ClInclude Include="SpriteDemoManager.h">
      <Filter>Header Files</Filter>
    </ClInclude>
    <ClInclude Include="stateManager.h">
      <Filter>Header Files</Filter>
    </ClInclude>
    <ClInclude Include="gameObjects.h" />
    <ClInclude Include="..\..\..\..\..\..\Software Engineering I\Software\OpenGL Framework\inputmapper.h" />
    <ClInclude Include="types.h" />
    <ClInclude Include="InputManager.h" />
    <ClInclude Include="Player.h" />
    <ClInclude Include="ReticleC.h" />
    <ClInclude Include="RenderSprites.h" />
    <ClInclude Include="MapElement.h" />
    <ClInclude Include="Background.h" />
    <ClInclude Include="Utils.h">
      <Filter>Header Files</Filter>
    </ClInclude>
    <ClInclude Include="Collider.h">
      <Filter>Header Files</Filter>
    </ClInclude>
    <ClInclude Include="AudioManager.h" />
    <ClInclude Include="SoundSystem.h" />
    <ClInclude Include="UI.h" />
    <ClInclude Include="Timer.h" />
    <ClInclude Include="resource.h" />
    <ClInclude Include="ScoreUI.h" />
    <ClInclude Include="RespawnUI.h" />
  </ItemGroup>
  <ItemGroup>
    <Filter Include="Header Files">
      <UniqueIdentifier>{5d2566fa-138b-4950-aec4-2eab2b3ac2e0}</UniqueIdentifier>
    </Filter>
    <Filter Include="Source Files">
      <UniqueIdentifier>{59712914-beb8-4df5-ab46-1c20e0225f60}</UniqueIdentifier>
    </Filter>
  </ItemGroup>
  <ItemGroup>
    <ResourceCompile Include="OpenGL Framework.rc" />
  </ItemGroup>
</Project>